Microsoft Visual Studio Solution File, Format Version 11.00
# Visual Studio 2008

Project("{261F0271-54B4-29F8-F1C7-0E316F32E6C1}") = "AdvancedSpaceShooter", "Assembly-CSharp.csproj", "{BF43D6EA-D60D-2260-86C6-3F0CDA0B3DEC}"
EndProject
Project("{261F0271-54B4-29F8-F1C7-0E316F32E6C1}") = "AdvancedSpaceShooter", "Assembly-UnityScript.unityproj", "{44D3E2D6-766D-FAAA-82DC-D12FEA5F2303}"
EndProject
Global
	GlobalSection(SolutionConfigurationPlatforms) = preSolution
		Debug|Any CPU = Debug|Any CPU
		Release|Any CPU = Release|Any CPU
	EndGlobalSection
	GlobalSection(ProjectConfigurationPlatforms) = postSolution
		{BF43D6EA-D60D-2260-86C6-3F0CDA0B3DEC}.Debug|Any CPU.ActiveCfg = Debug|Any CPU
		{BF43D6EA-D60D-2260-86C6-3F0CDA0B3DEC}.Debug|Any CPU.Build.0 = Debug|Any CPU
		{BF43D6EA-D60D-2260-86C6-3F0CDA0B3DEC}.Release|Any CPU.ActiveCfg = Release|Any CPU
		{BF43D6EA-D60D-2260-86C6-3F0CDA0B3DEC}.Release|Any CPU.Build.0 = Release|Any CPU
		{44D3E2D6-766D-FAAA-82DC-D12FEA5F2303}.Debug|Any CPU.ActiveCfg = Debug|Any CPU
		{44D3E2D6-766D-FAAA-82DC-D12FEA5F2303}.Debug|Any CPU.Build.0 = Debug|Any CPU
		{44D3E2D6-766D-FAAA-82DC-D12FEA5F2303}.Release|Any CPU.ActiveCfg = Release|Any CPU
		{44D3E2D6-766D-FAAA-82DC-D12FEA5F2303}.Release|Any CPU.Build.0 = Release|Any CPU
	EndGlobalSection
	GlobalSection(SolutionProperties) = preSolution
		HideSolutionNode = FALSE
	EndGlobalSection
														GlobalSection(MonoDevelopProperties) = preSolution
		StartupItem = Assembly-CSharp.csproj
		Policies = $0
		$0.TextStylePolicy = $1
		$1.inheritsSet = null
		$1.scope = text/x-csharp
		$0.CSharpFormattingPolicy = $2
		$2.inheritsSet = Mono
		$2.inheritsScope = text/x-csharp
		$2.scope = text/x-csharp
		$0.TextStylePolicy = $3
		$3.FileWidth = 120
		$3.TabWidth = 4
		$3.EolMarker = Unix
		$3.inheritsSet = Mono
		$3.inheritsScope = text/plain
		$3.scope = text/plain
	EndGlobalSection

EndGlobal
